
Microsoft Visual Studio Solution File, Format Version 12.00
# Visual Studio Version 16
VisualStudioVersion = 16.0.29020.237
MinimumVisualStudioVersion = 10.0.40219.1
Project("{9A19103F-16F7-4668-BE54-9A1E7A4F7556}") = "TreeNodeBoundCheckBoxDemo_NETCore", "TreeNodeBoundCheckBoxDemo_NETCore.csproj", "{A6784235-B0F5-47CE-9877-29E9D7E22379}"
EndProject
Global
	GlobalSection(SolutionConfigurationPlatforms) = preSolution
		Debug|Any CPU = Debug|Any CPU
		Release|Any CPU = Release|Any CPU
	EndGlobalSection
	GlobalSection(ProjectConfigurationPlatforms) = postSolution
		{A6784235-B0F5-47CE-9877-29E9D7E22379}.Debug|Any CPU.ActiveCfg = Debug|Any CPU
		{A6784235-B0F5-47CE-9877-29E9D7E22379}.Debug|Any CPU.Build.0 = Debug|Any CPU
		{A6784235-B0F5-47CE-9877-29E9D7E22379}.Release|Any CPU.ActiveCfg = Release|Any CPU
		{A6784235-B0F5-47CE-9877-29E9D7E22379}.Release|Any CPU.Build.0 = Release|Any CPU
	EndGlobalSection
	GlobalSection(SolutionProperties) = preSolution
		HideSolutionNode = FALSE
	EndGlobalSection
	GlobalSection(ExtensibilityGlobals) = postSolution
		SolutionGuid = {654E3E22-908C-462B-9888-C1BCAD82801F}
	EndGlobalSection
EndGlobal
